
Microsoft Visual Studio Solution File, Format Version 12.00
# Visual Studio Version 17
VisualStudioVersion = 17.4.33213.308
MinimumVisualStudioVersion = 10.0.40219.1
Project("{FAE04EC0-301F-11D3-BF4B-00C04F79EFBC}") = "Vista", "Vista\Vista.csproj", "{ED4730F2-C970-4B62-840C-6BF8988C7CA4}"
EndProject
Project("{FAE04EC0-301F-11D3-BF4B-00C04F79EFBC}") = "Datos", "Datos\Datos.csproj", "{686CE1DB-D2B6-4FF9-B722-69908F44A433}"
EndProject
Project("{FAE04EC0-301F-11D3-BF4B-00C04F79EFBC}") = "Entidades", "Entidades\Entidades.csproj", "{403529F5-596C-437C-A122-04223F037D49}"
EndProject
Global
	GlobalSection(SolutionConfigurationPlatforms) = preSolution
		Debug|Any CPU = Debug|Any CPU
		Release|Any CPU = Release|Any CPU
	EndGlobalSection
	GlobalSection(ProjectConfigurationPlatforms) = postSolution
		{ED4730F2-C970-4B62-840C-6BF8988C7CA4}.Debug|Any CPU.ActiveCfg = Debug|Any CPU
		{ED4730F2-C970-4B62-840C-6BF8988C7CA4}.Debug|Any CPU.Build.0 = Debug|Any CPU
		{ED4730F2-C970-4B62-840C-6BF8988C7CA4}.Release|Any CPU.ActiveCfg = Release|Any CPU
		{ED4730F2-C970-4B62-840C-6BF8988C7CA4}.Release|Any CPU.Build.0 = Release|Any CPU
		{686CE1DB-D2B6-4FF9-B722-69908F44A433}.Debug|Any CPU.ActiveCfg = Debug|Any CPU
		{686CE1DB-D2B6-4FF9-B722-69908F44A433}.Debug|Any CPU.Build.0 = Debug|Any CPU
		{686CE1DB-D2B6-4FF9-B722-69908F44A433}.Release|Any CPU.ActiveCfg = Release|Any CPU
		{686CE1DB-D2B6-4FF9-B722-69908F44A433}.Release|Any CPU.Build.0 = Release|Any CPU
		{403529F5-596C-437C-A122-04223F037D49}.Debug|Any CPU.ActiveCfg = Debug|Any CPU
		{403529F5-596C-437C-A122-04223F037D49}.Debug|Any CPU.Build.0 = Debug|Any CPU
		{403529F5-596C-437C-A122-04223F037D49}.Release|Any CPU.ActiveCfg = Release|Any CPU
		{403529F5-596C-437C-A122-04223F037D49}.Release|Any CPU.Build.0 = Release|Any CPU
	EndGlobalSection
	GlobalSection(SolutionProperties) = preSolution
		HideSolutionNode = FALSE
	EndGlobalSection
	GlobalSection(ExtensibilityGlobals) = postSolution
		SolutionGuid = {373423AA-B6E8-4640-A940-5EBFD3D8B18D}
	EndGlobalSection
EndGlobal
